
Microsoft Visual Studio Solution File, Format Version 12.00
# Visual Studio 2012
Project("{FAE04EC0-301F-11D3-BF4B-00C04F79EFBC}") = "PseudoCodeCompiler", "PsudoCodeCompiler\PseudoCodeCompiler.csproj", "{430A3FC5-7F51-4004-9957-97E859477299}"
EndProject
Global
	GlobalSection(SolutionConfigurationPlatforms) = preSolution
		Debug|Any CPU = Debug|Any CPU
		Release|Any CPU = Release|Any CPU
	EndGlobalSection
	GlobalSection(ProjectConfigurationPlatforms) = postSolution
		{430A3FC5-7F51-4004-9957-97E859477299}.Debug|Any CPU.ActiveCfg = Debug|Any CPU
		{430A3FC5-7F51-4004-9957-97E859477299}.Debug|Any CPU.Build.0 = Debug|Any CPU
		{430A3FC5-7F51-4004-9957-97E859477299}.Release|Any CPU.ActiveCfg = Release|Any CPU
		{430A3FC5-7F51-4004-9957-97E859477299}.Release|Any CPU.Build.0 = Release|Any CPU
	EndGlobalSection
	GlobalSection(SolutionProperties) = preSolution
		HideSolutionNode = FALSE
	EndGlobalSection
EndGlobal
